
Microsoft Visual Studio Solution File, Format Version 12.00
# Visual Studio Version 17
VisualStudioVersion = 17.11.35222.181
MinimumVisualStudioVersion = 10.0.40219.1
Project("{FAE04EC0-301F-11D3-BF4B-00C04F79EFBC}") = "Weterynarz", "Weterynarz\Weterynarz.csproj", "{77957FAE-4351-49BC-9DE4-A9AD7482EB33}"
EndProject
Global
	GlobalSection(SolutionConfigurationPlatforms) = preSolution
		Debug|Any CPU = Debug|Any CPU
		Release|Any CPU = Release|Any CPU
	EndGlobalSection
	GlobalSection(ProjectConfigurationPlatforms) = postSolution
		{77957FAE-4351-49BC-9DE4-A9AD7482EB33}.Debug|Any CPU.ActiveCfg = Debug|Any CPU
		{77957FAE-4351-49BC-9DE4-A9AD7482EB33}.Debug|Any CPU.Build.0 = Debug|Any CPU
		{77957FAE-4351-49BC-9DE4-A9AD7482EB33}.Release|Any CPU.ActiveCfg = Release|Any CPU
		{77957FAE-4351-49BC-9DE4-A9AD7482EB33}.Release|Any CPU.Build.0 = Release|Any CPU
	EndGlobalSection
	GlobalSection(SolutionProperties) = preSolution
		HideSolutionNode = FALSE
	EndGlobalSection
	GlobalSection(ExtensibilityGlobals) = postSolution
		SolutionGuid = {C89D1A7F-B0FE-4E90-9FDD-51AEAB1CB65C}
	EndGlobalSection
EndGlobal
